
Microsoft Visual Studio Solution File, Format Version 12.00
# Visual Studio Version 17
VisualStudioVersion = 17.0.32014.148
MinimumVisualStudioVersion = 10.0.40219.1
Project("{9A19103F-16F7-4668-BE54-9A1E7A4F7556}") = "МоитеГуми", "МоитеГуми.csproj", "{8E2FE637-52C8-42B0-A108-EC0F4546FE2F}"
EndProject
Global
	GlobalSection(SolutionConfigurationPlatforms) = preSolution
		Debug|Any CPU = Debug|Any CPU
		Release|Any CPU = Release|Any CPU
	EndGlobalSection
	GlobalSection(ProjectConfigurationPlatforms) = postSolution
		{8E2FE637-52C8-42B0-A108-EC0F4546FE2F}.Debug|Any CPU.ActiveCfg = Debug|Any CPU
		{8E2FE637-52C8-42B0-A108-EC0F4546FE2F}.Debug|Any CPU.Build.0 = Debug|Any CPU
		{8E2FE637-52C8-42B0-A108-EC0F4546FE2F}.Release|Any CPU.ActiveCfg = Release|Any CPU
		{8E2FE637-52C8-42B0-A108-EC0F4546FE2F}.Release|Any CPU.Build.0 = Release|Any CPU
	EndGlobalSection
	GlobalSection(SolutionProperties) = preSolution
		HideSolutionNode = FALSE
	EndGlobalSection
	GlobalSection(ExtensibilityGlobals) = postSolution
		SolutionGuid = {49BAFE4A-1EF7-475C-9BE2-4183519F7A63}
	EndGlobalSection
EndGlobal
